
Microsoft Visual Studio Solution File, Format Version 12.00
# Visual Studio Version 16
VisualStudioVersion = 16.0.29411.108
MinimumVisualStudioVersion = 10.0.40219.1
Project("{FAE04EC0-301F-11D3-BF4B-00C04F79EFBC}") = "EmployeeList", "EmployeeList.csproj", "{7C9BE772-3909-4FD7-8083-0C03A98B7350}"
EndProject
Global
	GlobalSection(SolutionConfigurationPlatforms) = preSolution
		Debug|Any CPU = Debug|Any CPU
		Release|Any CPU = Release|Any CPU
	EndGlobalSection
	GlobalSection(ProjectConfigurationPlatforms) = postSolution
		{7C9BE772-3909-4FD7-8083-0C03A98B7350}.Debug|Any CPU.ActiveCfg = Debug|Any CPU
		{7C9BE772-3909-4FD7-8083-0C03A98B7350}.Debug|Any CPU.Build.0 = Debug|Any CPU
		{7C9BE772-3909-4FD7-8083-0C03A98B7350}.Release|Any CPU.ActiveCfg = Release|Any CPU
		{7C9BE772-3909-4FD7-8083-0C03A98B7350}.Release|Any CPU.Build.0 = Release|Any CPU
	EndGlobalSection
	GlobalSection(SolutionProperties) = preSolution
		HideSolutionNode = FALSE
	EndGlobalSection
	GlobalSection(ExtensibilityGlobals) = postSolution
		SolutionGuid = {9476203C-FFC7-47D9-A303-2C976DB61D38}
	EndGlobalSection
EndGlobal
