
Microsoft Visual Studio Solution File, Format Version 12.00
# Visual Studio Version 16
VisualStudioVersion = 16.0.29411.108
MinimumVisualStudioVersion = 10.0.40219.1
Project("{FAE04EC0-301F-11D3-BF4B-00C04F79EFBC}") = "CourseG3", "CourseG3.csproj", "{C93102A0-F156-413D-BEA9-88D6A29C11CD}"
EndProject
Global
	GlobalSection(SolutionConfigurationPlatforms) = preSolution
		Debug|Any CPU = Debug|Any CPU
		Release|Any CPU = Release|Any CPU
	EndGlobalSection
	GlobalSection(ProjectConfigurationPlatforms) = postSolution
		{C93102A0-F156-413D-BEA9-88D6A29C11CD}.Debug|Any CPU.ActiveCfg = Debug|Any CPU
		{C93102A0-F156-413D-BEA9-88D6A29C11CD}.Debug|Any CPU.Build.0 = Debug|Any CPU
		{C93102A0-F156-413D-BEA9-88D6A29C11CD}.Release|Any CPU.ActiveCfg = Release|Any CPU
		{C93102A0-F156-413D-BEA9-88D6A29C11CD}.Release|Any CPU.Build.0 = Release|Any CPU
	EndGlobalSection
	GlobalSection(SolutionProperties) = preSolution
		HideSolutionNode = FALSE
	EndGlobalSection
	GlobalSection(ExtensibilityGlobals) = postSolution
		SolutionGuid = {4B58A0A4-7C6C-483A-8161-E0F8A76E9F4B}
	EndGlobalSection
EndGlobal
